
Microsoft Visual Studio Solution File, Format Version 12.00
# Visual Studio 15
VisualStudioVersion = 15.0.28010.2050
MinimumVisualStudioVersion = 10.0.40219.1
Project("{FAE04EC0-301F-11D3-BF4B-00C04F79EFBC}") = "AppCliente.Android", "AppCliente\AppCliente.Android\AppCliente.Android.csproj", "{A457B7E9-8FE3-4A0B-8D5C-D79A6C13D787}"
EndProject
Project("{FAE04EC0-301F-11D3-BF4B-00C04F79EFBC}") = "AppCliente.iOS", "AppCliente\AppCliente.iOS\AppCliente.iOS.csproj", "{905F1EE7-5D8B-424C-AB4A-8296DD7887B7}"
EndProject
Project("{FAE04EC0-301F-11D3-BF4B-00C04F79EFBC}") = "AppCliente", "AppCliente\AppCliente\AppCliente.csproj", "{CAC71FAF-BD47-4E0F-912E-460BC034E09D}"
EndProject
Global
	GlobalSection(SolutionConfigurationPlatforms) = preSolution
		Ad-Hoc|Any CPU = Ad-Hoc|Any CPU
		Ad-Hoc|iPhone = Ad-Hoc|iPhone
		Ad-Hoc|iPhoneSimulator = Ad-Hoc|iPhoneSimulator
		AppStore|Any CPU = AppStore|Any CPU
		AppStore|iPhone = AppStore|iPhone
		AppStore|iPhoneSimulator = AppStore|iPhoneSimulator
		Debug|Any CPU = Debug|Any CPU
		Debug|iPhone = Debug|iPhone
		Debug|iPhoneSimulator = Debug|iPhoneSimulator
		Release|Any CPU = Release|Any CPU
		Release|iPhone = Release|iPhone
		Release|iPhoneSimulator = Release|iPhoneSimulator
	EndGlobalSection
	GlobalSection(ProjectConfigurationPlatforms) = postSolution
		{A457B7E9-8FE3-4A0B-8D5C-D79A6C13D787}.Ad-Hoc|Any CPU.ActiveCfg = Release|Any CPU
		{A457B7E9-8FE3-4A0B-8D5C-D79A6C13D787}.Ad-Hoc|Any CPU.Build.0 = Release|Any CPU
		{A457B7E9-8FE3-4A0B-8D5C-D79A6C13D787}.Ad-Hoc|Any CPU.Deploy.0 = Release|Any CPU
		{A457B7E9-8FE3-4A0B-8D5C-D79A6C13D787}.Ad-Hoc|iPhone.ActiveCfg = Release|Any CPU
		{A457B7E9-8FE3-4A0B-8D5C-D79A6C13D787}.Ad-Hoc|iPhone.Build.0 = Release|Any CPU
		{A457B7E9-8FE3-4A0B-8D5C-D79A6C13D787}.Ad-Hoc|iPhone.Deploy.0 = Release|Any CPU
		{A457B7E9-8FE3-4A0B-8D5C-D79A6C13D787}.Ad-Hoc|iPhoneSimulator.ActiveCfg = Release|Any CPU
		{A457B7E9-8FE3-4A0B-8D5C-D79A6C13D787}.Ad-Hoc|iPhoneSimulator.Build.0 = Release|Any CPU
		{A457B7E9-8FE3-4A0B-8D5C-D79A6C13D787}.Ad-Hoc|iPhoneSimulator.Deploy.0 = Release|Any CPU
		{A457B7E9-8FE3-4A0B-8D5C-D79A6C13D787}.AppStore|Any CPU.ActiveCfg = Release|Any CPU
		{A457B7E9-8FE3-4A0B-8D5C-D79A6C13D787}.AppStore|Any CPU.Build.0 = Release|Any CPU
		{A457B7E9-8FE3-4A0B-8D5C-D79A6C13D787}.AppStore|Any CPU.Deploy.0 = Release|Any CPU
		{A457B7E9-8FE3-4A0B-8D5C-D79A6C13D787}.AppStore|iPhone.ActiveCfg = Release|Any CPU
		{A457B7E9-8FE3-4A0B-8D5C-D79A6C13D787}.AppStore|iPhone.Build.0 = Release|Any CPU
		{A457B7E9-8FE3-4A0B-8D5C-D79A6C13D787}.AppStore|iPhone.Deploy.0 = Release|Any CPU
		{A457B7E9-8FE3-4A0B-8D5C-D79A6C13D787}.AppStore|iPhoneSimulator.ActiveCfg = Release|Any CPU
		{A457B7E9-8FE3-4A0B-8D5C-D79A6C13D787}.AppStore|iPhoneSimulator.Build.0 = Release|Any CPU
		{A457B7E9-8FE3-4A0B-8D5C-D79A6C13D787}.AppStore|iPhoneSimulator.Deploy.0 = Release|Any CPU
		{A457B7E9-8FE3-4A0B-8D5C-D79A6C13D787}.Debug|Any CPU.ActiveCfg = Debug|Any CPU
		{A457B7E9-8FE3-4A0B-8D5C-D79A6C13D787}.Debug|Any CPU.Build.0 = Debug|Any CPU
		{A457B7E9-8FE3-4A0B-8D5C-D79A6C13D787}.Debug|Any CPU.Deploy.0 = Debug|Any CPU
		{A457B7E9-8FE3-4A0B-8D5C-D79A6C13D787}.Debug|iPhone.ActiveCfg = Debug|Any CPU
		{A457B7E9-8FE3-4A0B-8D5C-D79A6C13D787}.Debug|iPhone.Build.0 = Debug|Any CPU
		{A457B7E9-8FE3-4A0B-8D5C-D79A6C13D787}.Debug|iPhone.Deploy.0 = Debug|Any CPU
		{A457B7E9-8FE3-4A0B-8D5C-D79A6C13D787}.Debug|iPhoneSimulator.ActiveCfg = Debug|Any CPU
		{A457B7E9-8FE3-4A0B-8D5C-D79A6C13D787}.Debug|iPhoneSimulator.Build.0 = Debug|Any CPU
		{A457B7E9-8FE3-4A0B-8D5C-D79A6C13D787}.Debug|iPhoneSimulator.Deploy.0 = Debug|Any CPU
		{A457B7E9-8FE3-4A0B-8D5C-D79A6C13D787}.Release|Any CPU.ActiveCfg = Release|Any CPU
		{A457B7E9-8FE3-4A0B-8D5C-D79A6C13D787}.Release|Any CPU.Build.0 = Release|Any CPU
		{A457B7E9-8FE3-4A0B-8D5C-D79A6C13D787}.Release|Any CPU.Deploy.0 = Release|Any CPU
		{A457B7E9-8FE3-4A0B-8D5C-D79A6C13D787}.Release|iPhone.ActiveCfg = Release|Any CPU
		{A457B7E9-8FE3-4A0B-8D5C-D79A6C13D787}.Release|iPhone.Build.0 = Release|Any CPU
		{A457B7E9-8FE3-4A0B-8D5C-D79A6C13D787}.Release|iPhone.Deploy.0 = Release|Any CPU
		{A457B7E9-8FE3-4A0B-8D5C-D79A6C13D787}.Release|iPhoneSimulator.ActiveCfg = Release|Any CPU
		{A457B7E9-8FE3-4A0B-8D5C-D79A6C13D787}.Release|iPhoneSimulator.Build.0 = Release|Any CPU
		{A457B7E9-8FE3-4A0B-8D5C-D79A6C13D787}.Release|iPhoneSimulator.Deploy.0 = Release|Any CPU
		{905F1EE7-5D8B-424C-AB4A-8296DD7887B7}.Ad-Hoc|Any CPU.ActiveCfg = Ad-Hoc|iPhone
		{905F1EE7-5D8B-424C-AB4A-8296DD7887B7}.Ad-Hoc|Any CPU.Build.0 = Ad-Hoc|iPhone
		{905F1EE7-5D8B-424C-AB4A-8296DD7887B7}.Ad-Hoc|Any CPU.Deploy.0 = Ad-Hoc|iPhone
		{905F1EE7-5D8B-424C-AB4A-8296DD7887B7}.Ad-Hoc|iPhone.ActiveCfg = Ad-Hoc|iPhone
		{905F1EE7-5D8B-424C-AB4A-8296DD7887B7}.Ad-Hoc|iPhone.Build.0 = Ad-Hoc|iPhone
		{905F1EE7-5D8B-424C-AB4A-8296DD7887B7}.Ad-Hoc|iPhone.Deploy.0 = Ad-Hoc|iPhone
		{905F1EE7-5D8B-424C-AB4A-8296DD7887B7}.Ad-Hoc|iPhoneSimulator.ActiveCfg = Ad-Hoc|iPhoneSimulator
		{905F1EE7-5D8B-424C-AB4A-8296DD7887B7}.Ad-Hoc|iPhoneSimulator.Build.0 = Ad-Hoc|iPhoneSimulator
		{905F1EE7-5D8B-424C-AB4A-8296DD7887B7}.Ad-Hoc|iPhoneSimulator.Deploy.0 = Ad-Hoc|iPhoneSimulator
		{905F1EE7-5D8B-424C-AB4A-8296DD7887B7}.AppStore|Any CPU.ActiveCfg = AppStore|iPhone
		{905F1EE7-5D8B-424C-AB4A-8296DD7887B7}.AppStore|Any CPU.Build.0 = AppStore|iPhone
		{905F1EE7-5D8B-424C-AB4A-8296DD7887B7}.AppStore|Any CPU.Deploy.0 = AppStore|iPhone
		{905F1EE7-5D8B-424C-AB4A-8296DD7887B7}.AppStore|iPhone.ActiveCfg = AppStore|iPhone
		{905F1EE7-5D8B-424C-AB4A-8296DD7887B7}.AppStore|iPhone.Build.0 = AppStore|iPhone
		{905F1EE7-5D8B-424C-AB4A-8296DD7887B7}.AppStore|iPhone.Deploy.0 = AppStore|iPhone
		{905F1EE7-5D8B-424C-AB4A-8296DD7887B7}.AppStore|iPhoneSimulator.ActiveCfg = AppStore|iPhoneSimulator
		{905F1EE7-5D8B-424C-AB4A-8296DD7887B7}.AppStore|iPhoneSimulator.Build.0 = AppStore|iPhoneSimulator
		{905F1EE7-5D8B-424C-AB4A-8296DD7887B7}.AppStore|iPhoneSimulator.Deploy.0 = AppStore|iPhoneSimulator
		{905F1EE7-5D8B-424C-AB4A-8296DD7887B7}.Debug|Any CPU.ActiveCfg = Debug|iPhoneSimulator
		{905F1EE7-5D8B-424C-AB4A-8296DD7887B7}.Debug|Any CPU.Build.0 = Debug|iPhoneSimulator
		{905F1EE7-5D8B-424C-AB4A-8296DD7887B7}.Debug|Any CPU.Deploy.0 = Debug|iPhoneSimulator
		{905F1EE7-5D8B-424C-AB4A-8296DD7887B7}.Debug|iPhone.ActiveCfg = Debug|iPhone
		{905F1EE7-5D8B-424C-AB4A-8296DD7887B7}.Debug|iPhone.Build.0 = Debug|iPhone
		{905F1EE7-5D8B-424C-AB4A-8296DD7887B7}.Debug|iPhone.Deploy.0 = Debug|iPhone
		{905F1EE7-5D8B-424C-AB4A-8296DD7887B7}.Debug|iPhoneSimulator.ActiveCfg = Debug|iPhoneSimulator
		{905F1EE7-5D8B-424C-AB4A-8296DD7887B7}.Debug|iPhoneSimulator.Build.0 = Debug|iPhoneSimulator
		{905F1EE7-5D8B-424C-AB4A-8296DD7887B7}.Debug|iPhoneSimulator.Deploy.0 = Debug|iPhoneSimulator
		{905F1EE7-5D8B-424C-AB4A-8296DD7887B7}.Release|Any CPU.ActiveCfg = Release|iPhone
		{905F1EE7-5D8B-424C-AB4A-8296DD7887B7}.Release|Any CPU.Build.0 = Release|iPhone
		{905F1EE7-5D8B-424C-AB4A-8296DD7887B7}.Release|Any CPU.Deploy.0 = Release|iPhone
		{905F1EE7-5D8B-424C-AB4A-8296DD7887B7}.Release|iPhone.ActiveCfg = Release|iPhone
		{905F1EE7-5D8B-424C-AB4A-8296DD7887B7}.Release|iPhone.Build.0 = Release|iPhone
		{905F1EE7-5D8B-424C-AB4A-8296DD7887B7}.Release|iPhone.Deploy.0 = Release|iPhone
		{905F1EE7-5D8B-424C-AB4A-8296DD7887B7}.Release|iPhoneSimulator.ActiveCfg = Release|iPhoneSimulator
		{905F1EE7-5D8B-424C-AB4A-8296DD7887B7}.Release|iPhoneSimulator.Build.0 = Release|iPhoneSimulator
		{905F1EE7-5D8B-424C-AB4A-8296DD7887B7}.Release|iPhoneSimulator.Deploy.0 = Release|iPhoneSimulator
		{CAC71FAF-BD47-4E0F-912E-460BC034E09D}.Ad-Hoc|Any CPU.ActiveCfg = Debug|Any CPU
		{CAC71FAF-BD47-4E0F-912E-460BC034E09D}.Ad-Hoc|Any CPU.Build.0 = Debug|Any CPU
		{CAC71FAF-BD47-4E0F-912E-460BC034E09D}.Ad-Hoc|Any CPU.Deploy.0 = Debug|Any CPU
		{CAC71FAF-BD47-4E0F-912E-460BC034E09D}.Ad-Hoc|iPhone.ActiveCfg = Debug|Any CPU
		{CAC71FAF-BD47-4E0F-912E-460BC034E09D}.Ad-Hoc|iPhone.Build.0 = Debug|Any CPU
		{CAC71FAF-BD47-4E0F-912E-460BC034E09D}.Ad-Hoc|iPhone.Deploy.0 = Debug|Any CPU
		{CAC71FAF-BD47-4E0F-912E-460BC034E09D}.Ad-Hoc|iPhoneSimulator.ActiveCfg = Debug|Any CPU
		{CAC71FAF-BD47-4E0F-912E-460BC034E09D}.Ad-Hoc|iPhoneSimulator.Build.0 = Debug|Any CPU
		{CAC71FAF-BD47-4E0F-912E-460BC034E09D}.Ad-Hoc|iPhoneSimulator.Deploy.0 = Debug|Any CPU
		{CAC71FAF-BD47-4E0F-912E-460BC034E09D}.AppStore|Any CPU.ActiveCfg = Debug|Any CPU
		{CAC71FAF-BD47-4E0F-912E-460BC034E09D}.AppStore|Any CPU.Build.0 = Debug|Any CPU
		{CAC71FAF-BD47-4E0F-912E-460BC034E09D}.AppStore|Any CPU.Deploy.0 = Debug|Any CPU
		{CAC71FAF-BD47-4E0F-912E-460BC034E09D}.AppStore|iPhone.ActiveCfg = Debug|Any CPU
		{CAC71FAF-BD47-4E0F-912E-460BC034E09D}.AppStore|iPhone.Build.0 = Debug|Any CPU
		{CAC71FAF-BD47-4E0F-912E-460BC034E09D}.AppStore|iPhone.Deploy.0 = Debug|Any CPU
		{CAC71FAF-BD47-4E0F-912E-460BC034E09D}.AppStore|iPhoneSimulator.ActiveCfg = Debug|Any CPU
		{CAC71FAF-BD47-4E0F-912E-460BC034E09D}.AppStore|iPhoneSimulator.Build.0 = Debug|Any CPU
		{CAC71FAF-BD47-4E0F-912E-460BC034E09D}.AppStore|iPhoneSimulator.Deploy.0 = Debug|Any CPU
		{CAC71FAF-BD47-4E0F-912E-460BC034E09D}.Debug|Any CPU.ActiveCfg = Debug|Any CPU
		{CAC71FAF-BD47-4E0F-912E-460BC034E09D}.Debug|Any CPU.Build.0 = Debug|Any CPU
		{CAC71FAF-BD47-4E0F-912E-460BC034E09D}.Debug|Any CPU.Deploy.0 = Debug|Any CPU
		{CAC71FAF-BD47-4E0F-912E-460BC034E09D}.Debug|iPhone.ActiveCfg = Debug|Any CPU
		{CAC71FAF-BD47-4E0F-912E-460BC034E09D}.Debug|iPhone.Build.0 = Debug|Any CPU
		{CAC71FAF-BD47-4E0F-912E-460BC034E09D}.Debug|iPhone.Deploy.0 = Debug|Any CPU
		{CAC71FAF-BD47-4E0F-912E-460BC034E09D}.Debug|iPhoneSimulator.ActiveCfg = Debug|Any CPU
		{CAC71FAF-BD47-4E0F-912E-460BC034E09D}.Debug|iPhoneSimulator.Build.0 = Debug|Any CPU
		{CAC71FAF-BD47-4E0F-912E-460BC034E09D}.Debug|iPhoneSimulator.Deploy.0 = Debug|Any CPU
		{CAC71FAF-BD47-4E0F-912E-460BC034E09D}.Release|Any CPU.ActiveCfg = Release|Any CPU
		{CAC71FAF-BD47-4E0F-912E-460BC034E09D}.Release|Any CPU.Build.0 = Release|Any CPU
		{CAC71FAF-BD47-4E0F-912E-460BC034E09D}.Release|Any CPU.Deploy.0 = Release|Any CPU
		{CAC71FAF-BD47-4E0F-912E-460BC034E09D}.Release|iPhone.ActiveCfg = Release|Any CPU
		{CAC71FAF-BD47-4E0F-912E-460BC034E09D}.Release|iPhone.Build.0 = Release|Any CPU
		{CAC71FAF-BD47-4E0F-912E-460BC034E09D}.Release|iPhone.Deploy.0 = Release|Any CPU
		{CAC71FAF-BD47-4E0F-912E-460BC034E09D}.Release|iPhoneSimulator.ActiveCfg = Release|Any CPU
		{CAC71FAF-BD47-4E0F-912E-460BC034E09D}.Release|iPhoneSimulator.Build.0 = Release|Any CPU
		{CAC71FAF-BD47-4E0F-912E-460BC034E09D}.Release|iPhoneSimulator.Deploy.0 = Release|Any CPU
	EndGlobalSection
	GlobalSection(SolutionProperties) = preSolution
		HideSolutionNode = FALSE
	EndGlobalSection
	GlobalSection(ExtensibilityGlobals) = postSolution
		SolutionGuid = {E1E9A003-28D8-4C61-AF53-1360162D1B4E}
	EndGlobalSection
EndGlobal
